
Microsoft Visual Studio Solution File, Format Version 12.00
# Visual Studio Version 16
VisualStudioVersion = 16.0.30128.74
MinimumVisualStudioVersion = 10.0.40219.1
Project("{9A19103F-16F7-4668-BE54-9A1E7A4F7556}") = "AlyCommon", "AlyCommon\AlyCommon.csproj", "{8A44D693-408F-49C9-98FE-04293572A2ED}"
EndProject
Project("{9A19103F-16F7-4668-BE54-9A1E7A4F7556}") = "AlyCqrs", "AlyCqrs\AlyCqrs.csproj", "{0B374D9E-7152-48D8-B15C-1AA803FB8111}"
EndProject
Project("{2150E333-8FDC-42A3-9474-1A3956D46DE8}") = "Frameworks", "Frameworks", "{88DCC203-85B8-464E-8F30-E335101688B0}"
EndProject
Project("{2150E333-8FDC-42A3-9474-1A3956D46DE8}") = "Projects", "Projects", "{C8FF337F-D2C3-4D67-BC44-DE8A3FD43914}"
EndProject
Project("{9A19103F-16F7-4668-BE54-9A1E7A4F7556}") = "AlyCms", "AlyCms\AlyCms.csproj", "{3EF8AEF4-0CA1-4A22-8D7E-CA42F5C3B0DA}"
EndProject
Project("{9A19103F-16F7-4668-BE54-9A1E7A4F7556}") = "AlyCms.Mgr", "AlyCms.Mgr\AlyCms.Mgr.csproj", "{27F9A0B6-40F8-481A-921E-954935BC3C9E}"
EndProject
Project("{9A19103F-16F7-4668-BE54-9A1E7A4F7556}") = "AlyCms.Rest", "AlyCms.Rest\AlyCms.Rest.csproj", "{007B6F02-3A0E-4499-8655-5501F1F81DD2}"
EndProject
Project("{FAE04EC0-301F-11D3-BF4B-00C04F79EFBC}") = "AlyMq", "AlyMq\AlyMq.csproj", "{BE0A4436-4B93-46DF-B123-4E0239D732D5}"
EndProject
Project("{2150E333-8FDC-42A3-9474-1A3956D46DE8}") = "Client", "Client", "{00CA174A-31A2-4DB8-A587-47D465C6E505}"
EndProject
Project("{2150E333-8FDC-42A3-9474-1A3956D46DE8}") = "Src", "Src", "{FAEBFA23-633D-464B-8A12-48DA6DED248A}"
EndProject
Project("{FAE04EC0-301F-11D3-BF4B-00C04F79EFBC}") = "AlyMq.Adapter", "AlyMq.Adapter\AlyMq.Adapter.csproj", "{861C8873-9878-445A-B5FA-EAC446949BFB}"
EndProject
Project("{FAE04EC0-301F-11D3-BF4B-00C04F79EFBC}") = "AlyMq.Broker", "AlyMq.Broker\AlyMq.Broker.csproj", "{1AE27993-5A39-4D06-B893-CECC6F07679B}"
EndProject
Global
	GlobalSection(SolutionConfigurationPlatforms) = preSolution
		Debug|Any CPU = Debug|Any CPU
		Release|Any CPU = Release|Any CPU
	EndGlobalSection
	GlobalSection(ProjectConfigurationPlatforms) = postSolution
		{8A44D693-408F-49C9-98FE-04293572A2ED}.Debug|Any CPU.ActiveCfg = Debug|Any CPU
		{8A44D693-408F-49C9-98FE-04293572A2ED}.Debug|Any CPU.Build.0 = Debug|Any CPU
		{8A44D693-408F-49C9-98FE-04293572A2ED}.Release|Any CPU.ActiveCfg = Release|Any CPU
		{8A44D693-408F-49C9-98FE-04293572A2ED}.Release|Any CPU.Build.0 = Release|Any CPU
		{0B374D9E-7152-48D8-B15C-1AA803FB8111}.Debug|Any CPU.ActiveCfg = Debug|Any CPU
		{0B374D9E-7152-48D8-B15C-1AA803FB8111}.Debug|Any CPU.Build.0 = Debug|Any CPU
		{0B374D9E-7152-48D8-B15C-1AA803FB8111}.Release|Any CPU.ActiveCfg = Release|Any CPU
		{0B374D9E-7152-48D8-B15C-1AA803FB8111}.Release|Any CPU.Build.0 = Release|Any CPU
		{3EF8AEF4-0CA1-4A22-8D7E-CA42F5C3B0DA}.Debug|Any CPU.ActiveCfg = Debug|Any CPU
		{3EF8AEF4-0CA1-4A22-8D7E-CA42F5C3B0DA}.Debug|Any CPU.Build.0 = Debug|Any CPU
		{3EF8AEF4-0CA1-4A22-8D7E-CA42F5C3B0DA}.Release|Any CPU.ActiveCfg = Release|Any CPU
		{3EF8AEF4-0CA1-4A22-8D7E-CA42F5C3B0DA}.Release|Any CPU.Build.0 = Release|Any CPU
		{27F9A0B6-40F8-481A-921E-954935BC3C9E}.Debug|Any CPU.ActiveCfg = Debug|Any CPU
		{27F9A0B6-40F8-481A-921E-954935BC3C9E}.Debug|Any CPU.Build.0 = Debug|Any CPU
		{27F9A0B6-40F8-481A-921E-954935BC3C9E}.Release|Any CPU.ActiveCfg = Release|Any CPU
		{27F9A0B6-40F8-481A-921E-954935BC3C9E}.Release|Any CPU.Build.0 = Release|Any CPU
		{007B6F02-3A0E-4499-8655-5501F1F81DD2}.Debug|Any CPU.ActiveCfg = Debug|Any CPU
		{007B6F02-3A0E-4499-8655-5501F1F81DD2}.Debug|Any CPU.Build.0 = Debug|Any CPU
		{007B6F02-3A0E-4499-8655-5501F1F81DD2}.Release|Any CPU.ActiveCfg = Release|Any CPU
		{007B6F02-3A0E-4499-8655-5501F1F81DD2}.Release|Any CPU.Build.0 = Release|Any CPU
		{BE0A4436-4B93-46DF-B123-4E0239D732D5}.Debug|Any CPU.ActiveCfg = Debug|Any CPU
		{BE0A4436-4B93-46DF-B123-4E0239D732D5}.Debug|Any CPU.Build.0 = Debug|Any CPU
		{BE0A4436-4B93-46DF-B123-4E0239D732D5}.Release|Any CPU.ActiveCfg = Release|Any CPU
		{BE0A4436-4B93-46DF-B123-4E0239D732D5}.Release|Any CPU.Build.0 = Release|Any CPU
		{861C8873-9878-445A-B5FA-EAC446949BFB}.Debug|Any CPU.ActiveCfg = Debug|Any CPU
		{861C8873-9878-445A-B5FA-EAC446949BFB}.Debug|Any CPU.Build.0 = Debug|Any CPU
		{861C8873-9878-445A-B5FA-EAC446949BFB}.Release|Any CPU.ActiveCfg = Release|Any CPU
		{861C8873-9878-445A-B5FA-EAC446949BFB}.Release|Any CPU.Build.0 = Release|Any CPU
		{1AE27993-5A39-4D06-B893-CECC6F07679B}.Debug|Any CPU.ActiveCfg = Debug|Any CPU
		{1AE27993-5A39-4D06-B893-CECC6F07679B}.Debug|Any CPU.Build.0 = Debug|Any CPU
		{1AE27993-5A39-4D06-B893-CECC6F07679B}.Release|Any CPU.ActiveCfg = Release|Any CPU
		{1AE27993-5A39-4D06-B893-CECC6F07679B}.Release|Any CPU.Build.0 = Release|Any CPU
	EndGlobalSection
	GlobalSection(SolutionProperties) = preSolution
		HideSolutionNode = FALSE
	EndGlobalSection
	GlobalSection(NestedProjects) = preSolution
		{8A44D693-408F-49C9-98FE-04293572A2ED} = {FAEBFA23-633D-464B-8A12-48DA6DED248A}
		{0B374D9E-7152-48D8-B15C-1AA803FB8111} = {FAEBFA23-633D-464B-8A12-48DA6DED248A}
		{3EF8AEF4-0CA1-4A22-8D7E-CA42F5C3B0DA} = {C8FF337F-D2C3-4D67-BC44-DE8A3FD43914}
		{27F9A0B6-40F8-481A-921E-954935BC3C9E} = {C8FF337F-D2C3-4D67-BC44-DE8A3FD43914}
		{007B6F02-3A0E-4499-8655-5501F1F81DD2} = {C8FF337F-D2C3-4D67-BC44-DE8A3FD43914}
		{BE0A4436-4B93-46DF-B123-4E0239D732D5} = {FAEBFA23-633D-464B-8A12-48DA6DED248A}
		{00CA174A-31A2-4DB8-A587-47D465C6E505} = {88DCC203-85B8-464E-8F30-E335101688B0}
		{FAEBFA23-633D-464B-8A12-48DA6DED248A} = {88DCC203-85B8-464E-8F30-E335101688B0}
		{861C8873-9878-445A-B5FA-EAC446949BFB} = {00CA174A-31A2-4DB8-A587-47D465C6E505}
		{1AE27993-5A39-4D06-B893-CECC6F07679B} = {00CA174A-31A2-4DB8-A587-47D465C6E505}
	EndGlobalSection
	GlobalSection(ExtensibilityGlobals) = postSolution
		SolutionGuid = {F83394A9-F8DB-4415-B6E8-1DB7A6FE8E4F}
	EndGlobalSection
EndGlobal
